<?xml version="1.0" encoding="utf-8"?>
<Project ToolsVersion="4.0" xmlns="http://schemas.microsoft.com/developer/msbuild/2003">
  <ItemGroup>
    <ClCompile Include="App.cpp" />
    <ClCompile Include="main.cpp" />
    <ClCompile Include="SDLEvent.cpp" />
    <ClCompile Include="TimeManager.cpp" />
    <ClCompile Include="stb_image.c" />
    <ClCompile Include="ColorRepresentation.cpp" />
    <ClCompile Include="MathUtilities.cpp" />
    <ClCompile Include="_vector2.cpp">
      <Filter>Engine\Source files</Filter>
    </ClCompile>
    <ClCompile Include="_vector3.cpp">
      <Filter>Engine\Source files</Filter>
    </ClCompile>
    <ClCompile Include="Player.cpp">
      <Filter>Engine\Source files</Filter>
    </ClCompile>
    <ClCompile Include="_vector4.cpp">
      <Filter>Engine\Source files</Filter>
    </ClCompile>
    <ClCompile Include="asteroid.cpp">
      <Filter>Engine\Source files</Filter>
    </ClCompile>
    <ClCompile Include="Entity.cpp">
      <Filter>Engine\Source files</Filter>
    </ClCompile>
    <ClCompile Include="Bullet.cpp">
      <Filter>Engine\Source files</Filter>
    </ClCompile>
    <ClCompile Include="Color.cpp">
      <Filter>Engine\Source files</Filter>
    </ClCompile>
    <ClCompile Include="Game.cpp">
      <Filter>Engine\Source files</Filter>
    </ClCompile>
    <ClCompile Include="TextRenderizing.cpp">
      <Filter>Engine\Source files</Filter>
    </ClCompile>
  </ItemGroup>
  <ItemGroup>
    <ClInclude Include="App.hpp" />
    <ClInclude Include="TimeManager.hpp" />
    <ClInclude Include="Color.h" />
    <ClInclude Include="TextRenderizing.hpp">
      <Filter>Engine\Header files</Filter>
    </ClInclude>
    <ClInclude Include="IncludeSDL.hpp">
      <Filter>Engine\Header files</Filter>
    </ClInclude>
    <ClInclude Include="_vector2.hpp">
      <Filter>Engine\Header files</Filter>
    </ClInclude>
    <ClInclude Include="_vector3.hpp">
      <Filter>Engine\Header files</Filter>
    </ClInclude>
    <ClInclude Include="_vector4.hpp">
      <Filter>Engine\Header files</Filter>
    </ClInclude>
    <ClInclude Include="asteroid.hpp">
      <Filter>Engine\Header files</Filter>
    </ClInclude>
    <ClInclude Include="Bullet.hpp">
      <Filter>Engine\Header files</Filter>
    </ClInclude>
    <ClInclude Include="Entity.hpp">
      <Filter>Engine\Header files</Filter>
    </ClInclude>
    <ClInclude Include="Game.hpp">
      <Filter>Engine\Header files</Filter>
    </ClInclude>
    <ClInclude Include="Player.hpp">
      <Filter>Engine\Header files</Filter>
    </ClInclude>
    <ClInclude Include="ColorRepresentation.hpp" />
    <ClInclude Include="SDLEvent.h" />
    <ClInclude Include="MathUtilities.hpp" />
  </ItemGroup>
  <ItemGroup>
    <Filter Include="Engine">
      <UniqueIdentifier>{6f9fb37f-e47b-46c3-8209-dbf486018555}</UniqueIdentifier>
    </Filter>
    <Filter Include="Engine\Source files">
      <UniqueIdentifier>{0a3ec513-922c-4b14-83e3-98e1934fea74}</UniqueIdentifier>
    </Filter>
    <Filter Include="Engine\Header files">
      <UniqueIdentifier>{da8cc683-e66e-46b9-be58-7d0e16e23f76}</UniqueIdentifier>
    </Filter>
  </ItemGroup>
  <ItemGroup>
    <Font Include="Hyperspace.ttf" />
  </ItemGroup>
</Project>